
Microsoft Visual Studio Solution File, Format Version 12.00
# Visual Studio Version 16
VisualStudioVersion = 16.0.31112.23
MinimumVisualStudioVersion = 10.0.40219.1
Project("{FAE04EC0-301F-11D3-BF4B-00C04F79EFBC}") = "EFCoreTutorial", "EFCoreTutorial\EFCoreTutorial.csproj", "{AAC3B1FF-8B44-46C6-915F-36D6E84C1646}"
EndProject
Global
	GlobalSection(SolutionConfigurationPlatforms) = preSolution
		Debug|Any CPU = Debug|Any CPU
		Release|Any CPU = Release|Any CPU
	EndGlobalSection
	GlobalSection(ProjectConfigurationPlatforms) = postSolution
		{AAC3B1FF-8B44-46C6-915F-36D6E84C1646}.Debug|Any CPU.ActiveCfg = Debug|Any CPU
		{AAC3B1FF-8B44-46C6-915F-36D6E84C1646}.Debug|Any CPU.Build.0 = Debug|Any CPU
		{AAC3B1FF-8B44-46C6-915F-36D6E84C1646}.Release|Any CPU.ActiveCfg = Release|Any CPU
		{AAC3B1FF-8B44-46C6-915F-36D6E84C1646}.Release|Any CPU.Build.0 = Release|Any CPU
	EndGlobalSection
	GlobalSection(SolutionProperties) = preSolution
		HideSolutionNode = FALSE
	EndGlobalSection
	GlobalSection(ExtensibilityGlobals) = postSolution
		SolutionGuid = {3C44C598-7310-48C2-AE49-4B2CFAD61365}
	EndGlobalSection
EndGlobal
